Microsoft Visual Studio Solution File, Format Version 11.00
# Visual Studio 2010
Project("{8BC9CEB8-8B4A-11D0-8D11-00A0C91BC942}") = "Crypto", "Crypto\Crypto.vcxproj", "{993245CF-6B70-47EE-91BB-39F8FC6DC0E7}"
EndProject
Project("{8BC9CEB8-8B4A-11D0-8D11-00A0C91BC942}") = "Boot", "Boot\Windows\Boot.vcxproj", "{8B7F059F-E4C7-4E11-88F5-EE8B8433072E}"
EndProject
Project("{8BC9CEB8-8B4A-11D0-8D11-00A0C91BC942}") = "driver", "Driver\driver.vcxproj", "{58775DD4-268F-4387-A5CA-3E3FA5F573C2}"
EndProject
Project("{8BC9CEB8-8B4A-11D0-8D11-00A0C91BC942}") = "TrueCryptFormat", "Format\TrueCryptFormat.vcxproj", "{D0DD8B2C-FC0A-459F-84AC-2306173362E6}"
EndProject
Project("{8BC9CEB8-8B4A-11D0-8D11-00A0C91BC942}") = "TrueCrypt", "Mount\TrueCrypt.vcxproj", "{9E78A5B1-2470-4EA2-9CB8-7341F73B2E0A}"
EndProject
Project("{8BC9CEB8-8B4A-11D0-8D11-00A0C91BC942}") = "setup", "Setup\setup.vcxproj", "{055B537F-4EE4-4C03-9545-8941C16D69C8}"
EndProject
Global
	GlobalSection(SolutionConfigurationPlatforms) = preSolution
		All Debug|Win32 = All Debug|Win32
		All|Win32 = All|Win32
		Boot Loader|Win32 = Boot Loader|Win32
		Boot|Win32 = Boot|Win32
		Debug|Win32 = Debug|Win32
		Driver Debug|Win32 = Driver Debug|Win32
		Driver x64 Debug|Win32 = Driver x64 Debug|Win32
		Driver x64|Win32 = Driver x64|Win32
		Driver x86 Debug|Win32 = Driver x86 Debug|Win32
		Driver x86|Win32 = Driver x86|Win32
		Driver|Win32 = Driver|Win32
		Format Debug|Win32 = Format Debug|Win32
		Format|Win32 = Format|Win32
		Mount Debug|Win32 = Mount Debug|Win32
		Mount|Win32 = Mount|Win32
		Release|Win32 = Release|Win32
		Setup Debug|Win32 = Setup Debug|Win32
		Setup|Win32 = Setup|Win32
	EndGlobalSection
	GlobalSection(ProjectConfigurationPlatforms) = postSolution
		{993245CF-6B70-47EE-91BB-39F8FC6DC0E7}.All Debug|Win32.ActiveCfg = Debug|Win32
		{993245CF-6B70-47EE-91BB-39F8FC6DC0E7}.All Debug|Win32.Build.0 = Debug|Win32
		{993245CF-6B70-47EE-91BB-39F8FC6DC0E7}.All|Win32.ActiveCfg = Release|Win32
		{993245CF-6B70-47EE-91BB-39F8FC6DC0E7}.All|Win32.Build.0 = Release|Win32
		{993245CF-6B70-47EE-91BB-39F8FC6DC0E7}.Boot Loader|Win32.ActiveCfg = Release|Win32
		{993245CF-6B70-47EE-91BB-39F8FC6DC0E7}.Boot|Win32.ActiveCfg = Release|Win32
		{993245CF-6B70-47EE-91BB-39F8FC6DC0E7}.Debug|Win32.ActiveCfg = Debug|Win32
		{993245CF-6B70-47EE-91BB-39F8FC6DC0E7}.Debug|Win32.Build.0 = Debug|Win32
		{993245CF-6B70-47EE-91BB-39F8FC6DC0E7}.Driver Debug|Win32.ActiveCfg = Debug|Win32
		{993245CF-6B70-47EE-91BB-39F8FC6DC0E7}.Driver x64 Debug|Win32.ActiveCfg = Debug|Win32
		{993245CF-6B70-47EE-91BB-39F8FC6DC0E7}.Driver x64|Win32.ActiveCfg = Release|Win32
		{993245CF-6B70-47EE-91BB-39F8FC6DC0E7}.Driver x86 Debug|Win32.ActiveCfg = Debug|Win32
		{993245CF-6B70-47EE-91BB-39F8FC6DC0E7}.Driver x86|Win32.ActiveCfg = Release|Win32
		{993245CF-6B70-47EE-91BB-39F8FC6DC0E7}.Driver|Win32.ActiveCfg = Release|Win32
		{993245CF-6B70-47EE-91BB-39F8FC6DC0E7}.Format Debug|Win32.ActiveCfg = Debug|Win32
		{993245CF-6B70-47EE-91BB-39F8FC6DC0E7}.Format Debug|Win32.Build.0 = Debug|Win32
		{993245CF-6B70-47EE-91BB-39F8FC6DC0E7}.Format|Win32.ActiveCfg = Release|Win32
		{993245CF-6B70-47EE-91BB-39F8FC6DC0E7}.Format|Win32.Build.0 = Release|Win32
		{993245CF-6B70-47EE-91BB-39F8FC6DC0E7}.Mount Debug|Win32.ActiveCfg = Debug|Win32
		{993245CF-6B70-47EE-91BB-39F8FC6DC0E7}.Mount Debug|Win32.Build.0 = Debug|Win32
		{993245CF-6B70-47EE-91BB-39F8FC6DC0E7}.Mount|Win32.ActiveCfg = Release|Win32
		{993245CF-6B70-47EE-91BB-39F8FC6DC0E7}.Mount|Win32.Build.0 = Release|Win32
		{993245CF-6B70-47EE-91BB-39F8FC6DC0E7}.Release|Win32.ActiveCfg = Release|Win32
		{993245CF-6B70-47EE-91BB-39F8FC6DC0E7}.Release|Win32.Build.0 = Release|Win32
		{993245CF-6B70-47EE-91BB-39F8FC6DC0E7}.Setup Debug|Win32.ActiveCfg = Debug|Win32
		{993245CF-6B70-47EE-91BB-39F8FC6DC0E7}.Setup|Win32.ActiveCfg = Release|Win32
		{8B7F059F-E4C7-4E11-88F5-EE8B8433072E}.All Debug|Win32.ActiveCfg = Release|Win32
		{8B7F059F-E4C7-4E11-88F5-EE8B8433072E}.All Debug|Win32.Build.0 = Release|Win32
		{8B7F059F-E4C7-4E11-88F5-EE8B8433072E}.All|Win32.ActiveCfg = Release|Win32
		{8B7F059F-E4C7-4E11-88F5-EE8B8433072E}.All|Win32.Build.0 = Release|Win32
		{8B7F059F-E4C7-4E11-88F5-EE8B8433072E}.Boot Loader|Win32.ActiveCfg = Release Loader|Win32
		{8B7F059F-E4C7-4E11-88F5-EE8B8433072E}.Boot Loader|Win32.Build.0 = Release Loader|Win32
		{8B7F059F-E4C7-4E11-88F5-EE8B8433072E}.Boot|Win32.ActiveCfg = Release|Win32
		{8B7F059F-E4C7-4E11-88F5-EE8B8433072E}.Boot|Win32.Build.0 = Release|Win32
		{8B7F059F-E4C7-4E11-88F5-EE8B8433072E}.Debug|Win32.ActiveCfg = Release Loader|Win32
		{8B7F059F-E4C7-4E11-88F5-EE8B8433072E}.Debug|Win32.Build.0 = Release Loader|Win32
		{8B7F059F-E4C7-4E11-88F5-EE8B8433072E}.Driver Debug|Win32.ActiveCfg = Release|Win32
		{8B7F059F-E4C7-4E11-88F5-EE8B8433072E}.Driver x64 Debug|Win32.ActiveCfg = Release|Win32
		{8B7F059F-E4C7-4E11-88F5-EE8B8433072E}.Driver x64|Win32.ActiveCfg = Release|Win32
		{8B7F059F-E4C7-4E11-88F5-EE8B8433072E}.Driver x86 Debug|Win32.ActiveCfg = Release|Win32
		{8B7F059F-E4C7-4E11-88F5-EE8B8433072E}.Driver x86|Win32.ActiveCfg = Release|Win32
		{8B7F059F-E4C7-4E11-88F5-EE8B8433072E}.Driver|Win32.ActiveCfg = Release|Win32
		{8B7F059F-E4C7-4E11-88F5-EE8B8433072E}.Format Debug|Win32.ActiveCfg = Release|Win32
		{8B7F059F-E4C7-4E11-88F5-EE8B8433072E}.Format|Win32.ActiveCfg = Release|Win32
		{8B7F059F-E4C7-4E11-88F5-EE8B8433072E}.Mount Debug|Win32.ActiveCfg = Release|Win32
		{8B7F059F-E4C7-4E11-88F5-EE8B8433072E}.Mount|Win32.ActiveCfg = Release|Win32
		{8B7F059F-E4C7-4E11-88F5-EE8B8433072E}.Release|Win32.ActiveCfg = Release|Win32
		{8B7F059F-E4C7-4E11-88F5-EE8B8433072E}.Release|Win32.Build.0 = Release|Win32
		{8B7F059F-E4C7-4E11-88F5-EE8B8433072E}.Setup Debug|Win32.ActiveCfg = Release|Win32
		{8B7F059F-E4C7-4E11-88F5-EE8B8433072E}.Setup|Win32.ActiveCfg = Release|Win32
		{58775DD4-268F-4387-A5CA-3E3FA5F573C2}.All Debug|Win32.ActiveCfg = Debug|Win32
		{58775DD4-268F-4387-A5CA-3E3FA5F573C2}.All Debug|Win32.Build.0 = Debug|Win32
		{58775DD4-268F-4387-A5CA-3E3FA5F573C2}.All|Win32.ActiveCfg = Release|Win32
		{58775DD4-268F-4387-A5CA-3E3FA5F573C2}.All|Win32.Build.0 = Release|Win32
		{58775DD4-268F-4387-A5CA-3E3FA5F573C2}.Boot Loader|Win32.ActiveCfg = Release|Win32
		{58775DD4-268F-4387-A5CA-3E3FA5F573C2}.Boot Loader|Win32.Build.0 = Release|Win32
		{58775DD4-268F-4387-A5CA-3E3FA5F573C2}.Boot|Win32.ActiveCfg = Release|Win32
		{58775DD4-268F-4387-A5CA-3E3FA5F573C2}.Boot|Win32.Build.0 = Release|Win32
		{58775DD4-268F-4387-A5CA-3E3FA5F573C2}.Debug|Win32.ActiveCfg = Debug|Win32
		{58775DD4-268F-4387-A5CA-3E3FA5F573C2}.Debug|Win32.Build.0 = Debug|Win32
		{58775DD4-268F-4387-A5CA-3E3FA5F573C2}.Driver Debug|Win32.ActiveCfg = Debug|Win32
		{58775DD4-268F-4387-A5CA-3E3FA5F573C2}.Driver Debug|Win32.Build.0 = Debug|Win32
		{58775DD4-268F-4387-A5CA-3E3FA5F573C2}.Driver x64 Debug|Win32.ActiveCfg = Debug|Win32
		{58775DD4-268F-4387-A5CA-3E3FA5F573C2}.Driver x64 Debug|Win32.Build.0 = Debug|Win32
		{58775DD4-268F-4387-A5CA-3E3FA5F573C2}.Driver x64|Win32.ActiveCfg = Debug|Win32
		{58775DD4-268F-4387-A5CA-3E3FA5F573C2}.Driver x64|Win32.Build.0 = Debug|Win32
		{58775DD4-268F-4387-A5CA-3E3FA5F573C2}.Driver x86 Debug|Win32.ActiveCfg = Debug|Win32
		{58775DD4-268F-4387-A5CA-3E3FA5F573C2}.Driver x86 Debug|Win32.Build.0 = Debug|Win32
		{58775DD4-268F-4387-A5CA-3E3FA5F573C2}.Driver x86|Win32.ActiveCfg = Debug|Win32
		{58775DD4-268F-4387-A5CA-3E3FA5F573C2}.Driver x86|Win32.Build.0 = Debug|Win32
		{58775DD4-268F-4387-A5CA-3E3FA5F573C2}.Driver|Win32.ActiveCfg = Debug|Win32
		{58775DD4-268F-4387-A5CA-3E3FA5F573C2}.Driver|Win32.Build.0 = Debug|Win32
		{58775DD4-268F-4387-A5CA-3E3FA5F573C2}.Format Debug|Win32.ActiveCfg = Debug|Win32
		{58775DD4-268F-4387-A5CA-3E3FA5F573C2}.Format Debug|Win32.Build.0 = Debug|Win32
		{58775DD4-268F-4387-A5CA-3E3FA5F573C2}.Format|Win32.ActiveCfg = Release|Win32
		{58775DD4-268F-4387-A5CA-3E3FA5F573C2}.Format|Win32.Build.0 = Release|Win32
		{58775DD4-268F-4387-A5CA-3E3FA5F573C2}.Mount Debug|Win32.ActiveCfg = Debug|Win32
		{58775DD4-268F-4387-A5CA-3E3FA5F573C2}.Mount Debug|Win32.Build.0 = Debug|Win32
		{58775DD4-268F-4387-A5CA-3E3FA5F573C2}.Mount|Win32.ActiveCfg = Release|Win32
		{58775DD4-268F-4387-A5CA-3E3FA5F573C2}.Mount|Win32.Build.0 = Release|Win32
		{58775DD4-268F-4387-A5CA-3E3FA5F573C2}.Release|Win32.ActiveCfg = Release|Win32
		{58775DD4-268F-4387-A5CA-3E3FA5F573C2}.Release|Win32.Build.0 = Release|Win32
		{58775DD4-268F-4387-A5CA-3E3FA5F573C2}.Setup Debug|Win32.ActiveCfg = Debug|Win32
		{58775DD4-268F-4387-A5CA-3E3FA5F573C2}.Setup Debug|Win32.Build.0 = Debug|Win32
		{58775DD4-268F-4387-A5CA-3E3FA5F573C2}.Setup|Win32.ActiveCfg = Release|Win32
		{58775DD4-268F-4387-A5CA-3E3FA5F573C2}.Setup|Win32.Build.0 = Release|Win32
		{D0DD8B2C-FC0A-459F-84AC-2306173362E6}.All Debug|Win32.ActiveCfg = Debug|Win32
		{D0DD8B2C-FC0A-459F-84AC-2306173362E6}.All Debug|Win32.Build.0 = Debug|Win32
		{D0DD8B2C-FC0A-459F-84AC-2306173362E6}.All|Win32.ActiveCfg = Release|Win32
		{D0DD8B2C-FC0A-459F-84AC-2306173362E6}.All|Win32.Build.0 = Release|Win32
		{D0DD8B2C-FC0A-459F-84AC-2306173362E6}.Boot Loader|Win32.ActiveCfg = Release|Win32
		{D0DD8B2C-FC0A-459F-84AC-2306173362E6}.Boot Loader|Win32.Build.0 = Release|Win32
		{D0DD8B2C-FC0A-459F-84AC-2306173362E6}.Boot|Win32.ActiveCfg = Release|Win32
		{D0DD8B2C-FC0A-459F-84AC-2306173362E6}.Boot|Win32.Build.0 = Release|Win32
		{D0DD8B2C-FC0A-459F-84AC-2306173362E6}.Debug|Win32.ActiveCfg = Debug|Win32
		{D0DD8B2C-FC0A-459F-84AC-2306173362E6}.Debug|Win32.Build.0 = Debug|Win32
		{D0DD8B2C-FC0A-459F-84AC-2306173362E6}.Driver Debug|Win32.ActiveCfg = Debug|Win32
		{D0DD8B2C-FC0A-459F-84AC-2306173362E6}.Driver Debug|Win32.Build.0 = Debug|Win32
		{D0DD8B2C-FC0A-459F-84AC-2306173362E6}.Driver x64 Debug|Win32.ActiveCfg = Debug|Win32
		{D0DD8B2C-FC0A-459F-84AC-2306173362E6}.Driver x64 Debug|Win32.Build.0 = Debug|Win32
		{D0DD8B2C-FC0A-459F-84AC-2306173362E6}.Driver x64|Win32.ActiveCfg = Debug|Win32
		{D0DD8B2C-FC0A-459F-84AC-2306173362E6}.Driver x64|Win32.Build.0 = Debug|Win32
		{D0DD8B2C-FC0A-459F-84AC-2306173362E6}.Driver x86 Debug|Win32.ActiveCfg = Debug|Win32
		{D0DD8B2C-FC0A-459F-84AC-2306173362E6}.Driver x86 Debug|Win32.Build.0 = Debug|Win32
		{D0DD8B2C-FC0A-459F-84AC-2306173362E6}.Driver x86|Win32.ActiveCfg = Debug|Win32
		{D0DD8B2C-FC0A-459F-84AC-2306173362E6}.Driver x86|Win32.Build.0 = Debug|Win32
		{D0DD8B2C-FC0A-459F-84AC-2306173362E6}.Driver|Win32.ActiveCfg = Debug|Win32
		{D0DD8B2C-FC0A-459F-84AC-2306173362E6}.Driver|Win32.Build.0 = Debug|Win32
		{D0DD8B2C-FC0A-459F-84AC-2306173362E6}.Format Debug|Win32.ActiveCfg = Debug|Win32
		{D0DD8B2C-FC0A-459F-84AC-2306173362E6}.Format Debug|Win32.Build.0 = Debug|Win32
		{D0DD8B2C-FC0A-459F-84AC-2306173362E6}.Format|Win32.ActiveCfg = Release|Win32
		{D0DD8B2C-FC0A-459F-84AC-2306173362E6}.Format|Win32.Build.0 = Release|Win32
		{D0DD8B2C-FC0A-459F-84AC-2306173362E6}.Mount Debug|Win32.ActiveCfg = Debug|Win32
		{D0DD8B2C-FC0A-459F-84AC-2306173362E6}.Mount Debug|Win32.Build.0 = Debug|Win32
		{D0DD8B2C-FC0A-459F-84AC-2306173362E6}.Mount|Win32.ActiveCfg = Release|Win32
		{D0DD8B2C-FC0A-459F-84AC-2306173362E6}.Mount|Win32.Build.0 = Release|Win32
		{D0DD8B2C-FC0A-459F-84AC-2306173362E6}.Release|Win32.ActiveCfg = Release|Win32
		{D0DD8B2C-FC0A-459F-84AC-2306173362E6}.Release|Win32.Build.0 = Release|Win32
		{D0DD8B2C-FC0A-459F-84AC-2306173362E6}.Setup Debug|Win32.ActiveCfg = Debug|Win32
		{D0DD8B2C-FC0A-459F-84AC-2306173362E6}.Setup Debug|Win32.Build.0 = Debug|Win32
		{D0DD8B2C-FC0A-459F-84AC-2306173362E6}.Setup|Win32.ActiveCfg = Release|Win32
		{D0DD8B2C-FC0A-459F-84AC-2306173362E6}.Setup|Win32.Build.0 = Release|Win32
		{9E78A5B1-2470-4EA2-9CB8-7341F73B2E0A}.All Debug|Win32.ActiveCfg = Debug|Win32
		{9E78A5B1-2470-4EA2-9CB8-7341F73B2E0A}.All Debug|Win32.Build.0 = Debug|Win32
		{9E78A5B1-2470-4EA2-9CB8-7341F73B2E0A}.All|Win32.ActiveCfg = Release|Win32
		{9E78A5B1-2470-4EA2-9CB8-7341F73B2E0A}.All|Win32.Build.0 = Release|Win32
		{9E78A5B1-2470-4EA2-9CB8-7341F73B2E0A}.Boot Loader|Win32.ActiveCfg = Release|Win32
		{9E78A5B1-2470-4EA2-9CB8-7341F73B2E0A}.Boot Loader|Win32.Build.0 = Release|Win32
		{9E78A5B1-2470-4EA2-9CB8-7341F73B2E0A}.Boot|Win32.ActiveCfg = Release|Win32
		{9E78A5B1-2470-4EA2-9CB8-7341F73B2E0A}.Boot|Win32.Build.0 = Release|Win32
		{9E78A5B1-2470-4EA2-9CB8-7341F73B2E0A}.Debug|Win32.ActiveCfg = Debug|Win32
		{9E78A5B1-2470-4EA2-9CB8-7341F73B2E0A}.Debug|Win32.Build.0 = Debug|Win32
		{9E78A5B1-2470-4EA2-9CB8-7341F73B2E0A}.Driver Debug|Win32.ActiveCfg = Debug|Win32
		{9E78A5B1-2470-4EA2-9CB8-7341F73B2E0A}.Driver Debug|Win32.Build.0 = Debug|Win32
		{9E78A5B1-2470-4EA2-9CB8-7341F73B2E0A}.Driver x64 Debug|Win32.ActiveCfg = Debug|Win32
		{9E78A5B1-2470-4EA2-9CB8-7341F73B2E0A}.Driver x64 Debug|Win32.Build.0 = Debug|Win32
		{9E78A5B1-2470-4EA2-9CB8-7341F73B2E0A}.Driver x64|Win32.ActiveCfg = Debug|Win32
		{9E78A5B1-2470-4EA2-9CB8-7341F73B2E0A}.Driver x64|Win32.Build.0 = Debug|Win32
		{9E78A5B1-2470-4EA2-9CB8-7341F73B2E0A}.Driver x86 Debug|Win32.ActiveCfg = Debug|Win32
		{9E78A5B1-2470-4EA2-9CB8-7341F73B2E0A}.Driver x86 Debug|Win32.Build.0 = Debug|Win32
		{9E78A5B1-2470-4EA2-9CB8-7341F73B2E0A}.Driver x86|Win32.ActiveCfg = Debug|Win32
		{9E78A5B1-2470-4EA2-9CB8-7341F73B2E0A}.Driver x86|Win32.Build.0 = Debug|Win32
		{9E78A5B1-2470-4EA2-9CB8-7341F73B2E0A}.Driver|Win32.ActiveCfg = Debug|Win32
		{9E78A5B1-2470-4EA2-9CB8-7341F73B2E0A}.Driver|Win32.Build.0 = Debug|Win32
		{9E78A5B1-2470-4EA2-9CB8-7341F73B2E0A}.Format Debug|Win32.ActiveCfg = Debug|Win32
		{9E78A5B1-2470-4EA2-9CB8-7341F73B2E0A}.Format Debug|Win32.Build.0 = Debug|Win32
		{9E78A5B1-2470-4EA2-9CB8-7341F73B2E0A}.Format|Win32.ActiveCfg = Release|Win32
		{9E78A5B1-2470-4EA2-9CB8-7341F73B2E0A}.Format|Win32.Build.0 = Release|Win32
		{9E78A5B1-2470-4EA2-9CB8-7341F73B2E0A}.Mount Debug|Win32.ActiveCfg = Debug|Win32
		{9E78A5B1-2470-4EA2-9CB8-7341F73B2E0A}.Mount Debug|Win32.Build.0 = Debug|Win32
		{9E78A5B1-2470-4EA2-9CB8-7341F73B2E0A}.Mount|Win32.ActiveCfg = Release|Win32
		{9E78A5B1-2470-4EA2-9CB8-7341F73B2E0A}.Mount|Win32.Build.0 = Release|Win32
		{9E78A5B1-2470-4EA2-9CB8-7341F73B2E0A}.Release|Win32.ActiveCfg = Release|Win32
		{9E78A5B1-2470-4EA2-9CB8-7341F73B2E0A}.Release|Win32.Build.0 = Release|Win32
		{9E78A5B1-2470-4EA2-9CB8-7341F73B2E0A}.Setup Debug|Win32.ActiveCfg = Debug|Win32
		{9E78A5B1-2470-4EA2-9CB8-7341F73B2E0A}.Setup Debug|Win32.Build.0 = Debug|Win32
		{9E78A5B1-2470-4EA2-9CB8-7341F73B2E0A}.Setup|Win32.ActiveCfg = Release|Win32
		{9E78A5B1-2470-4EA2-9CB8-7341F73B2E0A}.Setup|Win32.Build.0 = Release|Win32
		{055B537F-4EE4-4C03-9545-8941C16D69C8}.All Debug|Win32.ActiveCfg = Debug|Win32
		{055B537F-4EE4-4C03-9545-8941C16D69C8}.All Debug|Win32.Build.0 = Debug|Win32
		{055B537F-4EE4-4C03-9545-8941C16D69C8}.All|Win32.ActiveCfg = Release|Win32
		{055B537F-4EE4-4C03-9545-8941C16D69C8}.All|Win32.Build.0 = Release|Win32
		{055B537F-4EE4-4C03-9545-8941C16D69C8}.Boot Loader|Win32.ActiveCfg = Release|Win32
		{055B537F-4EE4-4C03-9545-8941C16D69C8}.Boot Loader|Win32.Build.0 = Release|Win32
		{055B537F-4EE4-4C03-9545-8941C16D69C8}.Boot|Win32.ActiveCfg = Release|Win32
		{055B537F-4EE4-4C03-9545-8941C16D69C8}.Boot|Win32.Build.0 = Release|Win32
		{055B537F-4EE4-4C03-9545-8941C16D69C8}.Debug|Win32.ActiveCfg = Debug|Win32
		{055B537F-4EE4-4C03-9545-8941C16D69C8}.Debug|Win32.Build.0 = Debug|Win32
		{055B537F-4EE4-4C03-9545-8941C16D69C8}.Driver Debug|Win32.ActiveCfg = Debug|Win32
		{055B537F-4EE4-4C03-9545-8941C16D69C8}.Driver Debug|Win32.Build.0 = Debug|Win32
		{055B537F-4EE4-4C03-9545-8941C16D69C8}.Driver x64 Debug|Win32.ActiveCfg = Debug|Win32
		{055B537F-4EE4-4C03-9545-8941C16D69C8}.Driver x64 Debug|Win32.Build.0 = Debug|Win32
		{055B537F-4EE4-4C03-9545-8941C16D69C8}.Driver x64|Win32.ActiveCfg = Debug|Win32
		{055B537F-4EE4-4C03-9545-8941C16D69C8}.Driver x64|Win32.Build.0 = Debug|Win32
		{055B537F-4EE4-4C03-9545-8941C16D69C8}.Driver x86 Debug|Win32.ActiveCfg = Debug|Win32
		{055B537F-4EE4-4C03-9545-8941C16D69C8}.Driver x86 Debug|Win32.Build.0 = Debug|Win32
		{055B537F-4EE4-4C03-9545-8941C16D69C8}.Driver x86|Win32.ActiveCfg = Debug|Win32
		{055B537F-4EE4-4C03-9545-8941C16D69C8}.Driver x86|Win32.Build.0 = Debug|Win32
		{055B537F-4EE4-4C03-9545-8941C16D69C8}.Driver|Win32.ActiveCfg = Debug|Win32
		{055B537F-4EE4-4C03-9545-8941C16D69C8}.Driver|Win32.Build.0 = Debug|Win32
		{055B537F-4EE4-4C03-9545-8941C16D69C8}.Format Debug|Win32.ActiveCfg = Debug|Win32
		{055B537F-4EE4-4C03-9545-8941C16D69C8}.Format Debug|Win32.Build.0 = Debug|Win32
		{055B537F-4EE4-4C03-9545-8941C16D69C8}.Format|Win32.ActiveCfg = Release|Win32
		{055B537F-4EE4-4C03-9545-8941C16D69C8}.Format|Win32.Build.0 = Release|Win32
		{055B537F-4EE4-4C03-9545-8941C16D69C8}.Mount Debug|Win32.ActiveCfg = Debug|Win32
		{055B537F-4EE4-4C03-9545-8941C16D69C8}.Mount Debug|Win32.Build.0 = Debug|Win32
		{055B537F-4EE4-4C03-9545-8941C16D69C8}.Mount|Win32.ActiveCfg = Release|Win32
		{055B537F-4EE4-4C03-9545-8941C16D69C8}.Mount|Win32.Build.0 = Release|Win32
		{055B537F-4EE4-4C03-9545-8941C16D69C8}.Release|Win32.ActiveCfg = Release|Win32
		{055B537F-4EE4-4C03-9545-8941C16D69C8}.Release|Win32.Build.0 = Release|Win32
		{055B537F-4EE4-4C03-9545-8941C16D69C8}.Setup Debug|Win32.ActiveCfg = Debug|Win32
		{055B537F-4EE4-4C03-9545-8941C16D69C8}.Setup Debug|Win32.Build.0 = Debug|Win32
		{055B537F-4EE4-4C03-9545-8941C16D69C8}.Setup|Win32.ActiveCfg = Release|Win32
		{055B537F-4EE4-4C03-9545-8941C16D69C8}.Setup|Win32.Build.0 = Release|Win32
	EndGlobalSection
	GlobalSection(SolutionProperties) = preSolution
		HideSolutionNode = FALSE
	EndGlobalSection
EndGlobal
