<?xml version="1.0" encoding="utf-8"?>
<Project ToolsVersion="4.0" xmlns="http://schemas.microsoft.com/developer/msbuild/2003">
  <ItemGroup>
    <Filter Include="源文件">
      <UniqueIdentifier>{4FC737F1-C7A5-4376-A066-2A32D752A2FF}</UniqueIdentifier>
      <Extensions>cpp;c;cc;cxx;def;odl;idl;hpj;bat;asm;asmx</Extensions>
    </Filter>
    <Filter Include="头文件">
      <UniqueIdentifier>{93995380-89BD-4b04-88EB-625FBE52EBFB}</UniqueIdentifier>
      <Extensions>h;hpp;hxx;hm;inl;inc;xsd</Extensions>
    </Filter>
    <Filter Include="资源文件">
      <UniqueIdentifier>{67DA6AB6-F800-4c08-8B7A-83BB121AAD01}</UniqueIdentifier>
      <Extensions>rc;ico;cur;bmp;dlg;rc2;rct;bin;rgs;gif;jpg;jpeg;jpe;resx;tiff;tif;png;wav</Extensions>
    </Filter>
    <Filter Include="common">
      <UniqueIdentifier>{35d9a792-9950-4b1e-880d-38c470560ae5}</UniqueIdentifier>
    </Filter>
  </ItemGroup>
  <ItemGroup>
    <ClCompile Include="Hotkeys.c">
      <Filter>源文件</Filter>
    </ClCompile>
    <ClCompile Include="MainCom.cpp">
      <Filter>源文件</Filter>
    </ClCompile>
    <ClCompile Include="Mount.c">
      <Filter>源文件</Filter>
    </ClCompile>
    <ClCompile Include="..\Common\BaseCom.cpp">
      <Filter>common</Filter>
    </ClCompile>
    <ClCompile Include="..\Common\BootEncryption.cpp">
      <Filter>common</Filter>
    </ClCompile>
    <ClCompile Include="..\Common\Cache.c">
      <Filter>common</Filter>
    </ClCompile>
    <ClCompile Include="..\Common\Cmdline.c">
      <Filter>common</Filter>
    </ClCompile>
    <ClCompile Include="..\Common\Combo.c">
      <Filter>common</Filter>
    </ClCompile>
    <ClCompile Include="..\Common\Crc.c">
      <Filter>common</Filter>
    </ClCompile>
    <ClCompile Include="..\Common\Crypto.c">
      <Filter>common</Filter>
    </ClCompile>
    <ClCompile Include="..\Common\Dictionary.c">
      <Filter>common</Filter>
    </ClCompile>
    <ClCompile Include="..\Common\Dlgcode.c">
      <Filter>common</Filter>
    </ClCompile>
    <ClCompile Include="..\Common\EncryptionThreadPool.c">
      <Filter>common</Filter>
    </ClCompile>
    <ClCompile Include="..\Common\Endian.c">
      <Filter>common</Filter>
    </ClCompile>
    <ClCompile Include="..\Common\GfMul.c">
      <Filter>common</Filter>
    </ClCompile>
    <ClCompile Include="..\Common\Inflate.c">
      <Filter>common</Filter>
    </ClCompile>
    <ClCompile Include="..\Common\Keyfiles.c">
      <Filter>common</Filter>
    </ClCompile>
    <ClCompile Include="..\Common\Language.c">
      <Filter>common</Filter>
    </ClCompile>
    <ClCompile Include="..\Common\Password.c">
      <Filter>common</Filter>
    </ClCompile>
    <ClCompile Include="..\Common\Pkcs5.c">
      <Filter>common</Filter>
    </ClCompile>
    <ClCompile Include="..\Common\Random.c">
      <Filter>common</Filter>
    </ClCompile>
    <ClCompile Include="..\Common\Registry.c">
      <Filter>common</Filter>
    </ClCompile>
    <ClCompile Include="..\Common\SecurityToken.cpp">
      <Filter>common</Filter>
    </ClCompile>
    <ClCompile Include="..\Common\Tests.c">
      <Filter>common</Filter>
    </ClCompile>
    <ClCompile Include="..\Common\Volumes.c">
      <Filter>common</Filter>
    </ClCompile>
    <ClCompile Include="..\Common\Wipe.c">
      <Filter>common</Filter>
    </ClCompile>
    <ClCompile Include="..\Common\Xml.c">
      <Filter>common</Filter>
    </ClCompile>
    <ClCompile Include="..\Common\Xts.c">
      <Filter>common</Filter>
    </ClCompile>
    <ClCompile Include="Favorites.cpp">
      <Filter>源文件</Filter>
    </ClCompile>
  </ItemGroup>
  <ItemGroup>
    <Midl Include="MainCom.idl">
      <Filter>源文件</Filter>
    </Midl>
  </ItemGroup>
  <ItemGroup>
    <ClInclude Include="Hotkeys.h">
      <Filter>头文件</Filter>
    </ClInclude>
    <ClInclude Include="Mount.h">
      <Filter>头文件</Filter>
    </ClInclude>
    <ClInclude Include="Resource.h">
      <Filter>头文件</Filter>
    </ClInclude>
    <ClInclude Include="..\Common\Apidrvr.h">
      <Filter>common</Filter>
    </ClInclude>
    <ClInclude Include="..\Common\BaseCom.h">
      <Filter>common</Filter>
    </ClInclude>
    <ClInclude Include="..\Common\BootEncryption.h">
      <Filter>common</Filter>
    </ClInclude>
    <ClInclude Include="..\Common\Cache.h">
      <Filter>common</Filter>
    </ClInclude>
    <ClInclude Include="..\Common\Cmdline.h">
      <Filter>common</Filter>
    </ClInclude>
    <ClInclude Include="..\Common\Combo.h">
      <Filter>common</Filter>
    </ClInclude>
    <ClInclude Include="..\Common\Common.h">
      <Filter>common</Filter>
    </ClInclude>
    <ClInclude Include="..\Common\Crc.h">
      <Filter>common</Filter>
    </ClInclude>
    <ClInclude Include="..\Common\Crypto.h">
      <Filter>common</Filter>
    </ClInclude>
    <ClInclude Include="..\Common\Dictionary.h">
      <Filter>common</Filter>
    </ClInclude>
    <ClInclude Include="..\Common\Dlgcode.h">
      <Filter>common</Filter>
    </ClInclude>
    <ClInclude Include="..\Common\EncryptionThreadPool.h">
      <Filter>common</Filter>
    </ClInclude>
    <ClInclude Include="..\Common\Endian.h">
      <Filter>common</Filter>
    </ClInclude>
    <ClInclude Include="..\Common\Exception.h">
      <Filter>common</Filter>
    </ClInclude>
    <ClInclude Include="..\Common\GfMul.h">
      <Filter>common</Filter>
    </ClInclude>
    <ClInclude Include="..\Common\Inflate.h">
      <Filter>common</Filter>
    </ClInclude>
    <ClInclude Include="..\Common\Keyfiles.h">
      <Filter>common</Filter>
    </ClInclude>
    <ClInclude Include="..\Common\Language.h">
      <Filter>common</Filter>
    </ClInclude>
    <ClInclude Include="..\Common\Password.h">
      <Filter>common</Filter>
    </ClInclude>
    <ClInclude Include="..\Common\Pkcs5.h">
      <Filter>common</Filter>
    </ClInclude>
    <ClInclude Include="..\Common\Random.h">
      <Filter>common</Filter>
    </ClInclude>
    <ClInclude Include="..\Common\Registry.h">
      <Filter>common</Filter>
    </ClInclude>
    <ClInclude Include="..\Common\Resource.h">
      <Filter>common</Filter>
    </ClInclude>
    <ClInclude Include="..\Common\SecurityToken.h">
      <Filter>common</Filter>
    </ClInclude>
    <ClInclude Include="..\Common\Tcdefs.h">
      <Filter>common</Filter>
    </ClInclude>
    <ClInclude Include="..\Common\Tests.h">
      <Filter>common</Filter>
    </ClInclude>
    <ClInclude Include="..\Common\Volumes.h">
      <Filter>common</Filter>
    </ClInclude>
    <ClInclude Include="..\Common\Wipe.h">
      <Filter>common</Filter>
    </ClInclude>
    <ClInclude Include="..\Common\Xml.h">
      <Filter>common</Filter>
    </ClInclude>
    <ClInclude Include="..\Common\Xts.h">
      <Filter>common</Filter>
    </ClInclude>
    <ClInclude Include="Favorites.h">
      <Filter>头文件</Filter>
    </ClInclude>
  </ItemGroup>
  <ItemGroup>
    <ResourceCompile Include="Mount.rc">
      <Filter>资源文件</Filter>
    </ResourceCompile>
  </ItemGroup>
</Project>